// !$*UTF8*$!
{
	archiveVersion = 1;
	classes = {
	};
	objectVersion = 50;
	objects = {

/* Begin PBXBuildFile section */
		1C2F4B6821F89FB100D4B9FC /* AppDelegate.swift in Sources */ = {isa = PBXBuildFile; fileRef = 1C2F4B6721F89FB100D4B9FC /* AppDelegate.swift */; };
		1C2F4B6A21F89FB100D4B9FC /* ViewController.swift in Sources */ = {isa = PBXBuildFile; fileRef = 1C2F4B6921F89FB100D4B9FC /* ViewController.swift */; };
		1C2F4B6D21F89FB100D4B9FC /* Main.storyboard in Resources */ = {isa = PBXBuildFile; fileRef = 1C2F4B6B21F89FB100D4B9FC /* Main.storyboard */; };
		1C2F4B7021F89FB100D4B9FC /* Familink.xcdatamodeld in Sources */ = {isa = PBXBuildFile; fileRef = 1C2F4B6E21F89FB100D4B9FC /* Familink.xcdatamodeld */; };
		1C2F4B7221F89FB200D4B9FC /* Assets.xcassets in Resources */ = {isa = PBXBuildFile; fileRef = 1C2F4B7121F89FB200D4B9FC /* Assets.xcassets */; };
		1C2F4B7521F89FB200D4B9FC /* LaunchScreen.storyboard in Resources */ = {isa = PBXBuildFile; fileRef = 1C2F4B7321F89FB200D4B9FC /* LaunchScreen.storyboard */; };
		1C2F4B8021F89FB200D4B9FC /* FamilinkTests.swift in Sources */ = {isa = PBXBuildFile; fileRef = 1C2F4B7F21F89FB200D4B9FC /* FamilinkTests.swift */; };
		1C2F4B8B21F89FB200D4B9FC /* FamilinkUITests.swift in Sources */ = {isa = PBXBuildFile; fileRef = 1C2F4B8A21F89FB200D4B9FC /* FamilinkUITests.swift */; };
		1C6AA2F921F9EDA70036C997 /* APIClient.swift in Sources */ = {isa = PBXBuildFile; fileRef = 1C6AA2F821F9EDA70036C997 /* APIClient.swift */; };
		1CA2F3E22200938300349D99 /* edit.png in Resources */ = {isa = PBXBuildFile; fileRef = 1CA2F3E12200938300349D99 /* edit.png */; };
		1CA8927621FF05520087D393 /* Colors.swift in Sources */ = {isa = PBXBuildFile; fileRef = 1CA8927521FF05520087D393 /* Colors.swift */; };
		1CA8927B21FF41470087D393 /* LoaderScreen.swift in Sources */ = {isa = PBXBuildFile; fileRef = 1CA8927A21FF41470087D393 /* LoaderScreen.swift */; };
		BC16F5CC2201DE8400C15CB2 /* ContactListViewController.swift in Sources */ = {isa = PBXBuildFile; fileRef = BC16F5CB2201DE8400C15CB2 /* ContactListViewController.swift */; };
		BC16F5CE2201E4E700C15CB2 /* ContactsListTableViewController.swift in Sources */ = {isa = PBXBuildFile; fileRef = BC16F5CD2201E4E700C15CB2 /* ContactsListTableViewController.swift */; };
		BC49D04622006A1600378D1C /* Helper.swift in Sources */ = {isa = PBXBuildFile; fileRef = BC49D04522006A1500378D1C /* Helper.swift */; };
		BC49D04A22006D5C00378D1C /* profile.png in Resources */ = {isa = PBXBuildFile; fileRef = BC49D04722006D5C00378D1C /* profile.png */; };
		BC49D04B22006D5C00378D1C /* logout.png in Resources */ = {isa = PBXBuildFile; fileRef = BC49D04822006D5C00378D1C /* logout.png */; };
		BC49D04C22006D5C00378D1C /* newContact.png in Resources */ = {isa = PBXBuildFile; fileRef = BC49D04922006D5C00378D1C /* newContact.png */; };
		BC49D05122009C1C00378D1C /* CoreData.swift in Sources */ = {isa = PBXBuildFile; fileRef = BC49D05022009C1C00378D1C /* CoreData.swift */; };
		BC733AE021FB0B3F00BC110F /* ForgottenPasswordViewController.swift in Sources */ = {isa = PBXBuildFile; fileRef = BC733ADE21FB0B3F00BC110F /* ForgottenPasswordViewController.swift */; };
		BC733AE121FB0B3F00BC110F /* ForgottenPasswordViewController.xib in Resources */ = {isa = PBXBuildFile; fileRef = BC733ADF21FB0B3F00BC110F /* ForgottenPasswordViewController.xib */; };
		BC733AE321FB0C4300BC110F /* ContactListTableViewController.swift in Sources */ = {isa = PBXBuildFile; fileRef = BC733AE221FB0C4300BC110F /* ContactListTableViewController.swift */; };
		BC733AE621FB279A00BC110F /* UserDetailsViewController.swift in Sources */ = {isa = PBXBuildFile; fileRef = BC733AE421FB279A00BC110F /* UserDetailsViewController.swift */; };
		BC733AE721FB279A00BC110F /* UserDetailsViewController.xib in Resources */ = {isa = PBXBuildFile; fileRef = BC733AE521FB279A00BC110F /* UserDetailsViewController.xib */; };
		BC733AEA21FB280800BC110F /* AddContactViewController.swift in Sources */ = {isa = PBXBuildFile; fileRef = BC733AE821FB280800BC110F /* AddContactViewController.swift */; };
		BC733AEB21FB280800BC110F /* AddContactViewController.xib in Resources */ = {isa = PBXBuildFile; fileRef = BC733AE921FB280800BC110F /* AddContactViewController.xib */; };
		BC733AF221FB285700BC110F /* EditUserViewController.swift in Sources */ = {isa = PBXBuildFile; fileRef = BC733AF021FB285700BC110F /* EditUserViewController.swift */; };
		BC733AF321FB285700BC110F /* EditUserViewController.xib in Resources */ = {isa = PBXBuildFile; fileRef = BC733AF121FB285700BC110F /* EditUserViewController.xib */; };
		BC733AF621FB2C8F00BC110F /* EditContactViewController.swift in Sources */ = {isa = PBXBuildFile; fileRef = BC733AF421FB2C8F00BC110F /* EditContactViewController.swift */; };
		BC733AF721FB2C8F00BC110F /* EditContactViewController.xib in Resources */ = {isa = PBXBuildFile; fileRef = BC733AF521FB2C8F00BC110F /* EditContactViewController.xib */; };
		BC733AFC21FB2D0D00BC110F /* ContactDetailsViewController.swift in Sources */ = {isa = PBXBuildFile; fileRef = BC733AFA21FB2D0D00BC110F /* ContactDetailsViewController.swift */; };
		BC733AFD21FB2D0D00BC110F /* ContactDetailsViewController.xib in Resources */ = {isa = PBXBuildFile; fileRef = BC733AFB21FB2D0D00BC110F /* ContactDetailsViewController.xib */; };
		BC733B0021FB410F00BC110F /* ContactTableViewCell.swift in Sources */ = {isa = PBXBuildFile; fileRef = BC733AFE21FB410F00BC110F /* ContactTableViewCell.swift */; };
		BC733B0121FB410F00BC110F /* ContactTableViewCell.xib in Resources */ = {isa = PBXBuildFile; fileRef = BC733AFF21FB410F00BC110F /* ContactTableViewCell.xib */; };
		BC8D5C7521FA1D3400A20B93 /* SignUpViewController.swift in Sources */ = {isa = PBXBuildFile; fileRef = BC8D5C7321FA1D3400A20B93 /* SignUpViewController.swift */; };
		BC8D5C7621FA1D3400A20B93 /* SignUpViewController.xib in Resources */ = {isa = PBXBuildFile; fileRef = BC8D5C7421FA1D3400A20B93 /* SignUpViewController.xib */; };
		BC8D5C7A21FA202200A20B93 /* LoginUIViewController.swift in Sources */ = {isa = PBXBuildFile; fileRef = BC8D5C7921FA202200A20B93 /* LoginUIViewController.swift */; };
/* End PBXBuildFile section */

/* Begin PBXContainerItemProxy section */
		1C2F4B7C21F89FB200D4B9FC /* PBXContainerItemProxy */ = {
			isa = PBXContainerItemProxy;
			containerPortal = 1C2F4B5C21F89FB100D4B9FC /* Project object */;
			proxyType = 1;
			remoteGlobalIDString = 1C2F4B6321F89FB100D4B9FC;
			remoteInfo = Familink;
		};
		1C2F4B8721F89FB200D4B9FC /* PBXContainerItemProxy */ = {
			isa = PBXContainerItemProxy;
			containerPortal = 1C2F4B5C21F89FB100D4B9FC /* Project object */;
			proxyType = 1;
			remoteGlobalIDString = 1C2F4B6321F89FB100D4B9FC;
			remoteInfo = Familink;
		};
/* End PBXContainerItemProxy section */

/* Begin PBXFileReference section */
		1C2F4B6421F89FB100D4B9FC /* Familink.app */ = {isa = PBXFileReference; explicitFileType = wrapper.application; includeInIndex = 0; path = Familink.app; sourceTree = BUILT_PRODUCTS_DIR; };
		1C2F4B6721F89FB100D4B9FC /* AppDelegate.swift */ = {isa = PBXFileReference; lastKnownFileType = sourcecode.swift; path = AppDelegate.swift; sourceTree = "<group>"; };
		1C2F4B6921F89FB100D4B9FC /* ViewController.swift */ = {isa = PBXFileReference; lastKnownFileType = sourcecode.swift; path = ViewController.swift; sourceTree = "<group>"; };
		1C2F4B6C21F89FB100D4B9FC /* Base */ = {isa = PBXFileReference; lastKnownFileType = file.storyboard; name = Base; path = Base.lproj/Main.storyboard; sourceTree = "<group>"; };
		1C2F4B6F21F89FB100D4B9FC /* Familink.xcdatamodel */ = {isa = PBXFileReference; lastKnownFileType = wrapper.xcdatamodel; path = Familink.xcdatamodel; sourceTree = "<group>"; };
		1C2F4B7121F89FB200D4B9FC /* Assets.xcassets */ = {isa = PBXFileReference; lastKnownFileType = folder.assetcatalog; path = Assets.xcassets; sourceTree = "<group>"; };
		1C2F4B7421F89FB200D4B9FC /* Base */ = {isa = PBXFileReference; lastKnownFileType = file.storyboard; name = Base; path = Base.lproj/LaunchScreen.storyboard; sourceTree = "<group>"; };
		1C2F4B7621F89FB200D4B9FC /* Info.plist */ = {isa = PBXFileReference; lastKnownFileType = text.plist.xml; path = Info.plist; sourceTree = "<group>"; };
		1C2F4B7B21F89FB200D4B9FC /* FamilinkTests.xctest */ = {isa = PBXFileReference; explicitFileType = wrapper.cfbundle; includeInIndex = 0; path = FamilinkTests.xctest; sourceTree = BUILT_PRODUCTS_DIR; };
		1C2F4B7F21F89FB200D4B9FC /* FamilinkTests.swift */ = {isa = PBXFileReference; lastKnownFileType = sourcecode.swift; path = FamilinkTests.swift; sourceTree = "<group>"; };
		1C2F4B8121F89FB200D4B9FC /* Info.plist */ = {isa = PBXFileReference; lastKnownFileType = text.plist.xml; path = Info.plist; sourceTree = "<group>"; };
		1C2F4B8621F89FB200D4B9FC /* FamilinkUITests.xctest */ = {isa = PBXFileReference; explicitFileType = wrapper.cfbundle; includeInIndex = 0; path = FamilinkUITests.xctest; sourceTree = BUILT_PRODUCTS_DIR; };
		1C2F4B8A21F89FB200D4B9FC /* FamilinkUITests.swift */ = {isa = PBXFileReference; lastKnownFileType = sourcecode.swift; path = FamilinkUITests.swift; sourceTree = "<group>"; };
		1C2F4B8C21F89FB200D4B9FC /* Info.plist */ = {isa = PBXFileReference; lastKnownFileType = text.plist.xml; path = Info.plist; sourceTree = "<group>"; };
		1C6AA2F821F9EDA70036C997 /* APIClient.swift */ = {isa = PBXFileReference; lastKnownFileType = sourcecode.swift; path = APIClient.swift; sourceTree = "<group>"; };
		1CA2F3E12200938300349D99 /* edit.png */ = {isa = PBXFileReference; lastKnownFileType = image.png; path = edit.png; sourceTree = "<group>"; };
		1CA8927521FF05520087D393 /* Colors.swift */ = {isa = PBXFileReference; lastKnownFileType = sourcecode.swift; path = Colors.swift; sourceTree = "<group>"; };
		1CA8927A21FF41470087D393 /* LoaderScreen.swift */ = {isa = PBXFileReference; lastKnownFileType = sourcecode.swift; path = LoaderScreen.swift; sourceTree = "<group>"; };
		BC16F5CB2201DE8400C15CB2 /* ContactListViewController.swift */ = {isa = PBXFileReference; lastKnownFileType = sourcecode.swift; path = ContactListViewController.swift; sourceTree = "<group>"; };
		BC16F5CD2201E4E700C15CB2 /* ContactsListTableViewController.swift */ = {isa = PBXFileReference; lastKnownFileType = sourcecode.swift; name = ContactsListTableViewController.swift; path = ViewControllers/ContactsListTableViewController.swift; sourceTree = "<group>"; };
		BC49D04522006A1500378D1C /* Helper.swift */ = {isa = PBXFileReference; fileEncoding = 4; lastKnownFileType = sourcecode.swift; path = Helper.swift; sourceTree = "<group>"; };
		BC49D04722006D5C00378D1C /* profile.png */ = {isa = PBXFileReference; lastKnownFileType = image.png; path = profile.png; sourceTree = "<group>"; };
		BC49D04822006D5C00378D1C /* logout.png */ = {isa = PBXFileReference; lastKnownFileType = image.png; path = logout.png; sourceTree = "<group>"; };
		BC49D04922006D5C00378D1C /* newContact.png */ = {isa = PBXFileReference; lastKnownFileType = image.png; path = newContact.png; sourceTree = "<group>"; };
		BC49D05022009C1C00378D1C /* CoreData.swift */ = {isa = PBXFileReference; lastKnownFileType = sourcecode.swift; path = CoreData.swift; sourceTree = "<group>"; };
		BC733ADE21FB0B3F00BC110F /* ForgottenPasswordViewController.swift */ = {isa = PBXFileReference; lastKnownFileType = sourcecode.swift; path = ForgottenPasswordViewController.swift; sourceTree = "<group>"; };
		BC733ADF21FB0B3F00BC110F /* ForgottenPasswordViewController.xib */ = {isa = PBXFileReference; lastKnownFileType = file.xib; path = ForgottenPasswordViewController.xib; sourceTree = "<group>"; };
		BC733AE221FB0C4300BC110F /* ContactListTableViewController.swift */ = {isa = PBXFileReference; lastKnownFileType = sourcecode.swift; path = ContactListTableViewController.swift; sourceTree = "<group>"; };
		BC733AE421FB279A00BC110F /* UserDetailsViewController.swift */ = {isa = PBXFileReference; lastKnownFileType = sourcecode.swift; path = UserDetailsViewController.swift; sourceTree = "<group>"; };
		BC733AE521FB279A00BC110F /* UserDetailsViewController.xib */ = {isa = PBXFileReference; lastKnownFileType = file.xib; path = UserDetailsViewController.xib; sourceTree = "<group>"; };
		BC733AE821FB280800BC110F /* AddContactViewController.swift */ = {isa = PBXFileReference; lastKnownFileType = sourcecode.swift; path = AddContactViewController.swift; sourceTree = "<group>"; };
		BC733AE921FB280800BC110F /* AddContactViewController.xib */ = {isa = PBXFileReference; lastKnownFileType = file.xib; path = AddContactViewController.xib; sourceTree = "<group>"; };
		BC733AF021FB285700BC110F /* EditUserViewController.swift */ = {isa = PBXFileReference; lastKnownFileType = sourcecode.swift; path = EditUserViewController.swift; sourceTree = "<group>"; };
		BC733AF121FB285700BC110F /* EditUserViewController.xib */ = {isa = PBXFileReference; lastKnownFileType = file.xib; path = EditUserViewController.xib; sourceTree = "<group>"; };
		BC733AF421FB2C8F00BC110F /* EditContactViewController.swift */ = {isa = PBXFileReference; lastKnownFileType = sourcecode.swift; path = EditContactViewController.swift; sourceTree = "<group>"; };
		BC733AF521FB2C8F00BC110F /* EditContactViewController.xib */ = {isa = PBXFileReference; lastKnownFileType = file.xib; path = EditContactViewController.xib; sourceTree = "<group>"; };
		BC733AFA21FB2D0D00BC110F /* ContactDetailsViewController.swift */ = {isa = PBXFileReference; lastKnownFileType = sourcecode.swift; name = ContactDetailsViewController.swift; path = ../../ContactDetailsViewController.swift; sourceTree = "<group>"; };
		BC733AFB21FB2D0D00BC110F /* ContactDetailsViewController.xib */ = {isa = PBXFileReference; lastKnownFileType = file.xib; name = ContactDetailsViewController.xib; path = ../../ContactDetailsViewController.xib; sourceTree = "<group>"; };
		BC733AFE21FB410F00BC110F /* ContactTableViewCell.swift */ = {isa = PBXFileReference; lastKnownFileType = sourcecode.swift; path = ContactTableViewCell.swift; sourceTree = "<group>"; };
		BC733AFF21FB410F00BC110F /* ContactTableViewCell.xib */ = {isa = PBXFileReference; lastKnownFileType = file.xib; path = ContactTableViewCell.xib; sourceTree = "<group>"; };
		BC8D5C7321FA1D3400A20B93 /* SignUpViewController.swift */ = {isa = PBXFileReference; lastKnownFileType = sourcecode.swift; path = SignUpViewController.swift; sourceTree = "<group>"; };
		BC8D5C7421FA1D3400A20B93 /* SignUpViewController.xib */ = {isa = PBXFileReference; lastKnownFileType = file.xib; path = SignUpViewController.xib; sourceTree = "<group>"; };
		BC8D5C7921FA202200A20B93 /* LoginUIViewController.swift */ = {isa = PBXFileReference; lastKnownFileType = sourcecode.swift; path = LoginUIViewController.swift; sourceTree = "<group>"; };
/* End PBXFileReference section */

/* Begin PBXFrameworksBuildPhase section */
		1C2F4B6121F89FB100D4B9FC /* Frameworks */ = {
			isa = PBXFrameworksBuildPhase;
			buildActionMask = 2147483647;
			files = (
			);
			runOnlyForDeploymentPostprocessing = 0;
		};
		1C2F4B7821F89FB200D4B9FC /* Frameworks */ = {
			isa = PBXFrameworksBuildPhase;
			buildActionMask = 2147483647;
			files = (
			);
			runOnlyForDeploymentPostprocessing = 0;
		};
		1C2F4B8321F89FB200D4B9FC /* Frameworks */ = {
			isa = PBXFrameworksBuildPhase;
			buildActionMask = 2147483647;
			files = (
			);
			runOnlyForDeploymentPostprocessing = 0;
		};
/* End PBXFrameworksBuildPhase section */

/* Begin PBXGroup section */
		1C2F4B5B21F89FB100D4B9FC = {
			isa = PBXGroup;
			children = (
				1C2F4B6621F89FB100D4B9FC /* Familink */,
				1C2F4B7E21F89FB200D4B9FC /* FamilinkTests */,
				1C2F4B8921F89FB200D4B9FC /* FamilinkUITests */,
				1C2F4B6521F89FB100D4B9FC /* Products */,
			);
			sourceTree = "<group>";
		};
		1C2F4B6521F89FB100D4B9FC /* Products */ = {
			isa = PBXGroup;
			children = (
				1C2F4B6421F89FB100D4B9FC /* Familink.app */,
				1C2F4B7B21F89FB200D4B9FC /* FamilinkTests.xctest */,
				1C2F4B8621F89FB200D4B9FC /* FamilinkUITests.xctest */,
			);
			name = Products;
			sourceTree = "<group>";
		};
		1C2F4B6621F89FB100D4B9FC /* Familink */ = {
			isa = PBXGroup;
			children = (
				BC49D05022009C1C00378D1C /* CoreData.swift */,
				BC49D04522006A1500378D1C /* Helper.swift */,
				BC8AEB0B21FF030700E9028B /* Assets */,
				1CA8927421FF05360087D393 /* UI */,
				1C6AA2F721F9ED940036C997 /* API */,
				BC8D5C5B21F9D44800A20B93 /* Xibs */,
				BC8D5C7221FA1C3B00A20B93 /* ViewControllers */,
				1C2F4B6721F89FB100D4B9FC /* AppDelegate.swift */,
				1C2F4B6921F89FB100D4B9FC /* ViewController.swift */,
				1C2F4B6B21F89FB100D4B9FC /* Main.storyboard */,
				BC16F5CD2201E4E700C15CB2 /* ContactsListTableViewController.swift */,
				1C2F4B7121F89FB200D4B9FC /* Assets.xcassets */,
				1C2F4B7321F89FB200D4B9FC /* LaunchScreen.storyboard */,
				1C2F4B7621F89FB200D4B9FC /* Info.plist */,
				1C2F4B6E21F89FB100D4B9FC /* Familink.xcdatamodeld */,
			);
			path = Familink;
			sourceTree = "<group>";
		};
		1C2F4B7E21F89FB200D4B9FC /* FamilinkTests */ = {
			isa = PBXGroup;
			children = (
				1C2F4B7F21F89FB200D4B9FC /* FamilinkTests.swift */,
				1C2F4B8121F89FB200D4B9FC /* Info.plist */,
			);
			path = FamilinkTests;
			sourceTree = "<group>";
		};
		1C2F4B8921F89FB200D4B9FC /* FamilinkUITests */ = {
			isa = PBXGroup;
			children = (
				1C2F4B8A21F89FB200D4B9FC /* FamilinkUITests.swift */,
				1C2F4B8C21F89FB200D4B9FC /* Info.plist */,
			);
			path = FamilinkUITests;
			sourceTree = "<group>";
		};
		1C6AA2F721F9ED940036C997 /* API */ = {
			isa = PBXGroup;
			children = (
				1C6AA2F821F9EDA70036C997 /* APIClient.swift */,
			);
			path = API;
			sourceTree = "<group>";
		};
		1CA8927421FF05360087D393 /* UI */ = {
			isa = PBXGroup;
			children = (
				1CA8927521FF05520087D393 /* Colors.swift */,
				1CA8927A21FF41470087D393 /* LoaderScreen.swift */,
			);
			path = UI;
			sourceTree = "<group>";
		};
		BC8AEB0B21FF030700E9028B /* Assets */ = {
			isa = PBXGroup;
			children = (
				1CA2F3E12200938300349D99 /* edit.png */,
				BC49D04822006D5C00378D1C /* logout.png */,
				BC49D04922006D5C00378D1C /* newContact.png */,
				BC49D04722006D5C00378D1C /* profile.png */,
			);
			path = Assets;
			sourceTree = "<group>";
		};
		BC8D5C5B21F9D44800A20B93 /* Xibs */ = {
			isa = PBXGroup;
			children = (
				BC733AE521FB279A00BC110F /* UserDetailsViewController.xib */,
				BC733AF121FB285700BC110F /* EditUserViewController.xib */,
				BC733AFB21FB2D0D00BC110F /* ContactDetailsViewController.xib */,
				BC733AF521FB2C8F00BC110F /* EditContactViewController.xib */,
				BC733AE921FB280800BC110F /* AddContactViewController.xib */,
				BC733ADF21FB0B3F00BC110F /* ForgottenPasswordViewController.xib */,
				BC8D5C7421FA1D3400A20B93 /* SignUpViewController.xib */,
				BC733AFF21FB410F00BC110F /* ContactTableViewCell.xib */,
			);
			path = Xibs;
			sourceTree = "<group>";
		};
		BC8D5C7221FA1C3B00A20B93 /* ViewControllers */ = {
			isa = PBXGroup;
			children = (
				BC733AE421FB279A00BC110F /* UserDetailsViewController.swift */,
				BC733AF021FB285700BC110F /* EditUserViewController.swift */,
				BC733AFA21FB2D0D00BC110F /* ContactDetailsViewController.swift */,
				BC733AF421FB2C8F00BC110F /* EditContactViewController.swift */,
				BC733AE821FB280800BC110F /* AddContactViewController.swift */,
				BC733ADE21FB0B3F00BC110F /* ForgottenPasswordViewController.swift */,
				BC8D5C7321FA1D3400A20B93 /* SignUpViewController.swift */,
				BC8D5C7921FA202200A20B93 /* LoginUIViewController.swift */,
				BC733AFE21FB410F00BC110F /* ContactTableViewCell.swift */,
				BC733AE221FB0C4300BC110F /* ContactListTableViewController.swift */,
				BC16F5CB2201DE8400C15CB2 /* ContactListViewController.swift */,
			);
			path = ViewControllers;
			sourceTree = "<group>";
		};
/* End PBXGroup section */

/* Begin PBXNativeTarget section */
		1C2F4B6321F89FB100D4B9FC /* Familink */ = {
			isa = PBXNativeTarget;
			buildConfigurationList = 1C2F4B8F21F89FB200D4B9FC /* Build configuration list for PBXNativeTarget "Familink" */;
			buildPhases = (
				1C2F4B6021F89FB100D4B9FC /* Sources */,
				1C2F4B6121F89FB100D4B9FC /* Frameworks */,
				1C2F4B6221F89FB100D4B9FC /* Resources */,
				D4D7502E21F8B093005ADFD1 /* ShellScript */,
			);
			buildRules = (
			);
			dependencies = (
			);
			name = Familink;
			productName = Familink;
			productReference = 1C2F4B6421F89FB100D4B9FC /* Familink.app */;
			productType = "com.apple.product-type.application";
		};
		1C2F4B7A21F89FB200D4B9FC /* FamilinkTests */ = {
			isa = PBXNativeTarget;
			buildConfigurationList = 1C2F4B9221F89FB200D4B9FC /* Build configuration list for PBXNativeTarget "FamilinkTests" */;
			buildPhases = (
				1C2F4B7721F89FB200D4B9FC /* Sources */,
				1C2F4B7821F89FB200D4B9FC /* Frameworks */,
				1C2F4B7921F89FB200D4B9FC /* Resources */,
			);
			buildRules = (
			);
			dependencies = (
				1C2F4B7D21F89FB200D4B9FC /* PBXTargetDependency */,
			);
			name = FamilinkTests;
			productName = FamilinkTests;
			productReference = 1C2F4B7B21F89FB200D4B9FC /* FamilinkTests.xctest */;
			productType = "com.apple.product-type.bundle.unit-test";
		};
		1C2F4B8521F89FB200D4B9FC /* FamilinkUITests */ = {
			isa = PBXNativeTarget;
			buildConfigurationList = 1C2F4B9521F89FB200D4B9FC /* Build configuration list for PBXNativeTarget "FamilinkUITests" */;
			buildPhases = (
				1C2F4B8221F89FB200D4B9FC /* Sources */,
				1C2F4B8321F89FB200D4B9FC /* Frameworks */,
				1C2F4B8421F89FB200D4B9FC /* Resources */,
			);
			buildRules = (
			);
			dependencies = (
				1C2F4B8821F89FB200D4B9FC /* PBXTargetDependency */,
			);
			name = FamilinkUITests;
			productName = FamilinkUITests;
			productReference = 1C2F4B8621F89FB200D4B9FC /* FamilinkUITests.xctest */;
			productType = "com.apple.product-type.bundle.ui-testing";
		};
/* End PBXNativeTarget section */

/* Begin PBXProject section */
		1C2F4B5C21F89FB100D4B9FC /* Project object */ = {
			isa = PBXProject;
			attributes = {
				LastSwiftUpdateCheck = 1010;
				LastUpgradeCheck = 1010;
				ORGANIZATIONNAME = CubaLibre;
				TargetAttributes = {
					1C2F4B6321F89FB100D4B9FC = {
						CreatedOnToolsVersion = 10.1;
					};
					1C2F4B7A21F89FB200D4B9FC = {
						CreatedOnToolsVersion = 10.1;
						TestTargetID = 1C2F4B6321F89FB100D4B9FC;
					};
					1C2F4B8521F89FB200D4B9FC = {
						CreatedOnToolsVersion = 10.1;
						TestTargetID = 1C2F4B6321F89FB100D4B9FC;
					};
				};
			};
			buildConfigurationList = 1C2F4B5F21F89FB100D4B9FC /* Build configuration list for PBXProject "Familink" */;
			compatibilityVersion = "Xcode 9.3";
			developmentRegion = en;
			hasScannedForEncodings = 0;
			knownRegions = (
				en,
				Base,
			);
			mainGroup = 1C2F4B5B21F89FB100D4B9FC;
			productRefGroup = 1C2F4B6521F89FB100D4B9FC /* Products */;
			projectDirPath = "";
			projectRoot = "";
			targets = (
				1C2F4B6321F89FB100D4B9FC /* Familink */,
				1C2F4B7A21F89FB200D4B9FC /* FamilinkTests */,
				1C2F4B8521F89FB200D4B9FC /* FamilinkUITests */,
			);
		};
/* End PBXProject section */

/* Begin PBXResourcesBuildPhase section */
		1C2F4B6221F89FB100D4B9FC /* Resources */ = {
			isa = PBXResourcesBuildPhase;
			buildActionMask = 2147483647;
			files = (
				BC733AFD21FB2D0D00BC110F /* ContactDetailsViewController.xib in Resources */,
				1C2F4B7521F89FB200D4B9FC /* LaunchScreen.storyboard in Resources */,
				1C2F4B7221F89FB200D4B9FC /* Assets.xcassets in Resources */,
				BC733AF721FB2C8F00BC110F /* EditContactViewController.xib in Resources */,
				BC733AE721FB279A00BC110F /* UserDetailsViewController.xib in Resources */,
				BC8D5C7621FA1D3400A20B93 /* SignUpViewController.xib in Resources */,
				BC733B0121FB410F00BC110F /* ContactTableViewCell.xib in Resources */,
				BC49D04A22006D5C00378D1C /* profile.png in Resources */,
				BC733AEB21FB280800BC110F /* AddContactViewController.xib in Resources */,
				BC733AE121FB0B3F00BC110F /* ForgottenPasswordViewController.xib in Resources */,
				BC49D04C22006D5C00378D1C /* newContact.png in Resources */,
				1CA2F3E22200938300349D99 /* edit.png in Resources */,
				BC733AF321FB285700BC110F /* EditUserViewController.xib in Resources */,
				1C2F4B6D21F89FB100D4B9FC /* Main.storyboard in Resources */,
				BC49D04B22006D5C00378D1C /* logout.png in Resources */,
			);
			runOnlyForDeploymentPostprocessing = 0;
		};
		1C2F4B7921F89FB200D4B9FC /* Resources */ = {
			isa = PBXResourcesBuildPhase;
			buildActionMask = 2147483647;
			files = (
			);
			runOnlyForDeploymentPostprocessing = 0;
		};
		1C2F4B8421F89FB200D4B9FC /* Resources */ = {
			isa = PBXResourcesBuildPhase;
			buildActionMask = 2147483647;
			files = (
			);
			runOnlyForDeploymentPostprocessing = 0;
		};
/* End PBXResourcesBuildPhase section */

/* Begin PBXShellScriptBuildPhase section */
		D4D7502E21F8B093005ADFD1 /* ShellScript */ = {
			isa = PBXShellScriptBuildPhase;
			buildActionMask = 2147483647;
			files = (
			);
			inputFileListPaths = (
			);
			inputPaths = (
			);
			outputFileListPaths = (
			);
			outputPaths = (
			);
			runOnlyForDeploymentPostprocessing = 0;
			shellPath = /bin/sh;
			shellScript = "if which swiftlint >/dev/null; then\nswiftlint\nelse\necho \"warning: SwiftLint not installed, download from https://github.com/realm/SwiftLint\"\nfi\n";
		};
/* End PBXShellScriptBuildPhase section */

/* Begin PBXSourcesBuildPhase section */
		1C2F4B6021F89FB100D4B9FC /* Sources */ = {
			isa = PBXSourcesBuildPhase;
			buildActionMask = 2147483647;
			files = (
				BC733B0021FB410F00BC110F /* ContactTableViewCell.swift in Sources */,
				1CA8927621FF05520087D393 /* Colors.swift in Sources */,
				BC733AE021FB0B3F00BC110F /* ForgottenPasswordViewController.swift in Sources */,
				BC8D5C7A21FA202200A20B93 /* LoginUIViewController.swift in Sources */,
				BC49D05122009C1C00378D1C /* CoreData.swift in Sources */,
				1CA8927B21FF41470087D393 /* LoaderScreen.swift in Sources */,
				BC733AFC21FB2D0D00BC110F /* ContactDetailsViewController.swift in Sources */,
				BC733AE321FB0C4300BC110F /* ContactListTableViewController.swift in Sources */,
				BC733AEA21FB280800BC110F /* AddContactViewController.swift in Sources */,
				BC49D04622006A1600378D1C /* Helper.swift in Sources */,
				BC733AF221FB285700BC110F /* EditUserViewController.swift in Sources */,
				BC16F5CC2201DE8400C15CB2 /* ContactListViewController.swift in Sources */,
				1C2F4B6A21F89FB100D4B9FC /* ViewController.swift in Sources */,
				1C2F4B7021F89FB100D4B9FC /* Familink.xcdatamodeld in Sources */,
				BC8D5C7521FA1D3400A20B93 /* SignUpViewController.swift in Sources */,
				BC733AE621FB279A00BC110F /* UserDetailsViewController.swift in Sources */,
				1C2F4B6821F89FB100D4B9FC /* AppDelegate.swift in Sources */,
				1C6AA2F921F9EDA70036C997 /* APIClient.swift in Sources */,
				BC16F5CE2201E4E700C15CB2 /* ContactsListTableViewController.swift in Sources */,
				BC733AF621FB2C8F00BC110F /* EditContactViewController.swift in Sources */,
			);
			runOnlyForDeploymentPostprocessing = 0;
		};
		1C2F4B7721F89FB200D4B9FC /* Sources */ = {
			isa = PBXSourcesBuildPhase;
			buildActionMask = 2147483647;
			files = (
				1C2F4B8021F89FB200D4B9FC /* FamilinkTests.swift in Sources */,
			);
			runOnlyForDeploymentPostprocessing = 0;
		};
		1C2F4B8221F89FB200D4B9FC /* Sources */ = {
			isa = PBXSourcesBuildPhase;
			buildActionMask = 2147483647;
			files = (
				1C2F4B8B21F89FB200D4B9FC /* FamilinkUITests.swift in Sources */,
			);
			runOnlyForDeploymentPostprocessing = 0;
		};
/* End PBXSourcesBuildPhase section */

/* Begin PBXTargetDependency section */
		1C2F4B7D21F89FB200D4B9FC /* PBXTargetDependency */ = {
			isa = PBXTargetDependency;
			target = 1C2F4B6321F89FB100D4B9FC /* Familink */;
			targetProxy = 1C2F4B7C21F89FB200D4B9FC /* PBXContainerItemProxy */;
		};
		1C2F4B8821F89FB200D4B9FC /* PBXTargetDependency */ = {
			isa = PBXTargetDependency;
			target = 1C2F4B6321F89FB100D4B9FC /* Familink */;
			targetProxy = 1C2F4B8721F89FB200D4B9FC /* PBXContainerItemProxy */;
		};
/* End PBXTargetDependency section */

/* Begin PBXVariantGroup section */
		1C2F4B6B21F89FB100D4B9FC /* Main.storyboard */ = {
			isa = PBXVariantGroup;
			children = (
				1C2F4B6C21F89FB100D4B9FC /* Base */,
			);
			name = Main.storyboard;
			sourceTree = "<group>";
		};
		1C2F4B7321F89FB200D4B9FC /* LaunchScreen.storyboard */ = {
			isa = PBXVariantGroup;
			children = (
				1C2F4B7421F89FB200D4B9FC /* Base */,
			);
			name = LaunchScreen.storyboard;
			sourceTree = "<group>";
		};
/* End PBXVariantGroup section */

/* Begin XCBuildConfiguration section */
		1C2F4B8D21F89FB200D4B9FC /* Debug */ = {
			isa = XCBuildConfiguration;
			buildSettings = {
				ALWAYS_SEARCH_USER_PATHS = NO;
				CLANG_ANALYZER_NONNULL = YES;
				CLANG_ANALYZER_NUMBER_OBJECT_CONVERSION = YES_AGGRESSIVE;
				CLANG_CXX_LANGUAGE_STANDARD = "gnu++14";
				CLANG_CXX_LIBRARY = "libc++";
				CLANG_ENABLE_MODULES = YES;
				CLANG_ENABLE_OBJC_ARC = YES;
				CLANG_ENABLE_OBJC_WEAK = YES;
				CLANG_WARN_BLOCK_CAPTURE_AUTORELEASING = YES;
				CLANG_WARN_BOOL_CONVERSION = YES;
				CLANG_WARN_COMMA = YES;
				CLANG_WARN_CONSTANT_CONVERSION = YES;
				CLANG_WARN_DEPRECATED_OBJC_IMPLEMENTATIONS = YES;
				CLANG_WARN_DIRECT_OBJC_ISA_USAGE = YES_ERROR;
				CLANG_WARN_DOCUMENTATION_COMMENTS = YES;
				CLANG_WARN_EMPTY_BODY = YES;
				CLANG_WARN_ENUM_CONVERSION = YES;
				CLANG_WARN_INFINITE_RECURSION = YES;
				CLANG_WARN_INT_CONVERSION = YES;
				CLANG_WARN_NON_LITERAL_NULL_CONVERSION = YES;
				CLANG_WARN_OBJC_IMPLICIT_RETAIN_SELF = YES;
				CLANG_WARN_OBJC_LITERAL_CONVERSION = YES;
				CLANG_WARN_OBJC_ROOT_CLASS = YES_ERROR;
				CLANG_WARN_RANGE_LOOP_ANALYSIS = YES;
				CLANG_WARN_STRICT_PROTOTYPES = YES;
				CLANG_WARN_SUSPICIOUS_MOVE = YES;
				CLANG_WARN_UNGUARDED_AVAILABILITY = YES_AGGRESSIVE;
				CLANG_WARN_UNREACHABLE_CODE = YES;
				CLANG_WARN__DUPLICATE_METHOD_MATCH = YES;
				CODE_SIGN_IDENTITY = "iPhone Developer";
				COPY_PHASE_STRIP = NO;
				DEBUG_INFORMATION_FORMAT = dwarf;
				ENABLE_STRICT_OBJC_MSGSEND = YES;
				ENABLE_TESTABILITY = YES;
				GCC_C_LANGUAGE_STANDARD = gnu11;
				GCC_DYNAMIC_NO_PIC = NO;
				GCC_NO_COMMON_BLOCKS = YES;
				GCC_OPTIMIZATION_LEVEL = 0;
				GCC_PREPROCESSOR_DEFINITIONS = (
					"DEBUG=1",
					"$(inherited)",
				);
				GCC_WARN_64_TO_32_BIT_CONVERSION = YES;
				GCC_WARN_ABOUT_RETURN_TYPE = YES_ERROR;
				GCC_WARN_UNDECLARED_SELECTOR = YES;
				GCC_WARN_UNINITIALIZED_AUTOS = YES_AGGRESSIVE;
				GCC_WARN_UNUSED_FUNCTION = YES;
				GCC_WARN_UNUSED_VARIABLE = YES;
				IPHONEOS_DEPLOYMENT_TARGET = 12.1;
				MTL_ENABLE_DEBUG_INFO = INCLUDE_SOURCE;
				MTL_FAST_MATH = YES;
				ONLY_ACTIVE_ARCH = YES;
				SDKROOT = iphoneos;
				SWIFT_ACTIVE_COMPILATION_CONDITIONS = DEBUG;
				SWIFT_OPTIMIZATION_LEVEL = "-Onone";
			};
			name = Debug;
		};
		1C2F4B8E21F89FB200D4B9FC /* Release */ = {
			isa = XCBuildConfiguration;
			buildSettings = {
				ALWAYS_SEARCH_USER_PATHS = NO;
				CLANG_ANALYZER_NONNULL = YES;
				CLANG_ANALYZER_NUMBER_OBJECT_CONVERSION = YES_AGGRESSIVE;
				CLANG_CXX_LANGUAGE_STANDARD = "gnu++14";
				CLANG_CXX_LIBRARY = "libc++";
				CLANG_ENABLE_MODULES = YES;
				CLANG_ENABLE_OBJC_ARC = YES;
				CLANG_ENABLE_OBJC_WEAK = YES;
				CLANG_WARN_BLOCK_CAPTURE_AUTORELEASING = YES;
				CLANG_WARN_BOOL_CONVERSION = YES;
				CLANG_WARN_COMMA = YES;
				CLANG_WARN_CONSTANT_CONVERSION = YES;
				CLANG_WARN_DEPRECATED_OBJC_IMPLEMENTATIONS = YES;
				CLANG_WARN_DIRECT_OBJC_ISA_USAGE = YES_ERROR;
				CLANG_WARN_DOCUMENTATION_COMMENTS = YES;
				CLANG_WARN_EMPTY_BODY = YES;
				CLANG_WARN_ENUM_CONVERSION = YES;
				CLANG_WARN_INFINITE_RECURSION = YES;
				CLANG_WARN_INT_CONVERSION = YES;
				CLANG_WARN_NON_LITERAL_NULL_CONVERSION = YES;
				CLANG_WARN_OBJC_IMPLICIT_RETAIN_SELF = YES;
				CLANG_WARN_OBJC_LITERAL_CONVERSION = YES;
				CLANG_WARN_OBJC_ROOT_CLASS = YES_ERROR;
				CLANG_WARN_RANGE_LOOP_ANALYSIS = YES;
				CLANG_WARN_STRICT_PROTOTYPES = YES;
				CLANG_WARN_SUSPICIOUS_MOVE = YES;
				CLANG_WARN_UNGUARDED_AVAILABILITY = YES_AGGRESSIVE;
				CLANG_WARN_UNREACHABLE_CODE = YES;
				CLANG_WARN__DUPLICATE_METHOD_MATCH = YES;
				CODE_SIGN_IDENTITY = "iPhone Developer";
				COPY_PHASE_STRIP = NO;
				DEBUG_INFORMATION_FORMAT = "dwarf-with-dsym";
				ENABLE_NS_ASSERTIONS = NO;
				ENABLE_STRICT_OBJC_MSGSEND = YES;
				GCC_C_LANGUAGE_STANDARD = gnu11;
				GCC_NO_COMMON_BLOCKS = YES;
				GCC_WARN_64_TO_32_BIT_CONVERSION = YES;
				GCC_WARN_ABOUT_RETURN_TYPE = YES_ERROR;
				GCC_WARN_UNDECLARED_SELECTOR = YES;
				GCC_WARN_UNINITIALIZED_AUTOS = YES_AGGRESSIVE;
				GCC_WARN_UNUSED_FUNCTION = YES;
				GCC_WARN_UNUSED_VARIABLE = YES;
				IPHONEOS_DEPLOYMENT_TARGET = 12.1;
				MTL_ENABLE_DEBUG_INFO = NO;
				MTL_FAST_MATH = YES;
				SDKROOT = iphoneos;
				SWIFT_COMPILATION_MODE = wholemodule;
				SWIFT_OPTIMIZATION_LEVEL = "-O";
				VALIDATE_PRODUCT = YES;
			};
			name = Release;
		};
		1C2F4B9021F89FB200D4B9FC /* Debug */ = {
			isa = XCBuildConfiguration;
			buildSettings = {
				ASSETCATALOG_COMPILER_APPICON_NAME = AppIcon;
				CODE_SIGN_STYLE = Manual;
				DEVELOPMENT_TEAM = CU7M5VQDU5;
				INFOPLIST_FILE = Familink/Info.plist;
				IPHONEOS_DEPLOYMENT_TARGET = 11.0;
				LD_RUNPATH_SEARCH_PATHS = (
					"$(inherited)",
					"@executable_path/Frameworks",
				);
				PRODUCT_BUNDLE_IDENTIFIER = com.bewizyu.cubalibre.Familink;
				PRODUCT_NAME = "$(TARGET_NAME)";
				PROVISIONING_PROFILE_SPECIFIER = DEV_WILDCARD_DIGINAMIC;
				SWIFT_VERSION = 4.2;
				TARGETED_DEVICE_FAMILY = "1,2";
			};
			name = Debug;
		};
		1C2F4B9121F89FB200D4B9FC /* Release */ = {
			isa = XCBuildConfiguration;
			buildSettings = {
				ASSETCATALOG_COMPILER_APPICON_NAME = AppIcon;
				CODE_SIGN_STYLE = Manual;
				DEVELOPMENT_TEAM = CU7M5VQDU5;
				INFOPLIST_FILE = Familink/Info.plist;
				IPHONEOS_DEPLOYMENT_TARGET = 11.0;
				LD_RUNPATH_SEARCH_PATHS = (
					"$(inherited)",
					"@executable_path/Frameworks",
				);
				PRODUCT_BUNDLE_IDENTIFIER = com.bewizyu.cubalibre.Familink;
				PRODUCT_NAME = "$(TARGET_NAME)";
				PROVISIONING_PROFILE_SPECIFIER = DEV_WILDCARD_DIGINAMIC;
				SWIFT_VERSION = 4.2;
				TARGETED_DEVICE_FAMILY = "1,2";
			};
			name = Release;
		};
		1C2F4B9321F89FB200D4B9FC /* Debug */ = {
			isa = XCBuildConfiguration;
			buildSettings = {
				ALWAYS_EMBED_SWIFT_STANDARD_LIBRARIES = YES;
				BUNDLE_LOADER = "$(TEST_HOST)";
				CODE_SIGN_STYLE = Automatic;
				INFOPLIST_FILE = FamilinkTests/Info.plist;
				LD_RUNPATH_SEARCH_PATHS = (
					"$(inherited)",
					"@executable_path/Frameworks",
					"@loader_path/Frameworks",
				);
				PRODUCT_BUNDLE_IDENTIFIER = fr.familink.cubalibre.FamilinkTests;
				PRODUCT_NAME = "$(TARGET_NAME)";
				SWIFT_VERSION = 4.2;
				TARGETED_DEVICE_FAMILY = "1,2";
				TEST_HOST = "$(BUILT_PRODUCTS_DIR)/Familink.app/Familink";
			};
			name = Debug;
		};
		1C2F4B9421F89FB200D4B9FC /* Release */ = {
			isa = XCBuildConfiguration;
			buildSettings = {
				ALWAYS_EMBED_SWIFT_STANDARD_LIBRARIES = YES;
				BUNDLE_LOADER = "$(TEST_HOST)";
				CODE_SIGN_STYLE = Automatic;
				INFOPLIST_FILE = FamilinkTests/Info.plist;
				LD_RUNPATH_SEARCH_PATHS = (
					"$(inherited)",
					"@executable_path/Frameworks",
					"@loader_path/Frameworks",
				);
				PRODUCT_BUNDLE_IDENTIFIER = fr.familink.cubalibre.FamilinkTests;
				PRODUCT_NAME = "$(TARGET_NAME)";
				SWIFT_VERSION = 4.2;
				TARGETED_DEVICE_FAMILY = "1,2";
				TEST_HOST = "$(BUILT_PRODUCTS_DIR)/Familink.app/Familink";
			};
			name = Release;
		};
		1C2F4B9621F89FB200D4B9FC /* Debug */ = {
			isa = XCBuildConfiguration;
			buildSettings = {
				ALWAYS_EMBED_SWIFT_STANDARD_LIBRARIES = YES;
				CODE_SIGN_STYLE = Automatic;
				INFOPLIST_FILE = FamilinkUITests/Info.plist;
				LD_RUNPATH_SEARCH_PATHS = (
					"$(inherited)",
					"@executable_path/Frameworks",
					"@loader_path/Frameworks",
				);
				PRODUCT_BUNDLE_IDENTIFIER = fr.familink.cubalibre.FamilinkUITests;
				PRODUCT_NAME = "$(TARGET_NAME)";
				SWIFT_VERSION = 4.2;
				TARGETED_DEVICE_FAMILY = "1,2";
				TEST_TARGET_NAME = Familink;
			};
			name = Debug;
		};
		1C2F4B9721F89FB200D4B9FC /* Release */ = {
			isa = XCBuildConfiguration;
			buildSettings = {
				ALWAYS_EMBED_SWIFT_STANDARD_LIBRARIES = YES;
				CODE_SIGN_STYLE = Automatic;
				INFOPLIST_FILE = FamilinkUITests/Info.plist;
				LD_RUNPATH_SEARCH_PATHS = (
					"$(inherited)",
					"@executable_path/Frameworks",
					"@loader_path/Frameworks",
				);
				PRODUCT_BUNDLE_IDENTIFIER = fr.familink.cubalibre.FamilinkUITests;
				PRODUCT_NAME = "$(TARGET_NAME)";
				SWIFT_VERSION = 4.2;
				TARGETED_DEVICE_FAMILY = "1,2";
				TEST_TARGET_NAME = Familink;
			};
			name = Release;
		};
/* End XCBuildConfiguration section */

/* Begin XCConfigurationList section */
		1C2F4B5F21F89FB100D4B9FC /* Build configuration list for PBXProject "Familink" */ = {
			isa = XCConfigurationList;
			buildConfigurations = (
				1C2F4B8D21F89FB200D4B9FC /* Debug */,
				1C2F4B8E21F89FB200D4B9FC /* Release */,
			);
			defaultConfigurationIsVisible = 0;
			defaultConfigurationName = Release;
		};
		1C2F4B8F21F89FB200D4B9FC /* Build configuration list for PBXNativeTarget "Familink" */ = {
			isa = XCConfigurationList;
			buildConfigurations = (
				1C2F4B9021F89FB200D4B9FC /* Debug */,
				1C2F4B9121F89FB200D4B9FC /* Release */,
			);
			defaultConfigurationIsVisible = 0;
			defaultConfigurationName = Release;
		};
		1C2F4B9221F89FB200D4B9FC /* Build configuration list for PBXNativeTarget "FamilinkTests" */ = {
			isa = XCConfigurationList;
			buildConfigurations = (
				1C2F4B9321F89FB200D4B9FC /* Debug */,
				1C2F4B9421F89FB200D4B9FC /* Release */,
			);
			defaultConfigurationIsVisible = 0;
			defaultConfigurationName = Release;
		};
		1C2F4B9521F89FB200D4B9FC /* Build configuration list for PBXNativeTarget "FamilinkUITests" */ = {
			isa = XCConfigurationList;
			buildConfigurations = (
				1C2F4B9621F89FB200D4B9FC /* Debug */,
				1C2F4B9721F89FB200D4B9FC /* Release */,
			);
			defaultConfigurationIsVisible = 0;
			defaultConfigurationName = Release;
		};
/* End XCConfigurationList section */

/* Begin XCVersionGroup section */
		1C2F4B6E21F89FB100D4B9FC /* Familink.xcdatamodeld */ = {
			isa = XCVersionGroup;
			children = (
				1C2F4B6F21F89FB100D4B9FC /* Familink.xcdatamodel */,
			);
			currentVersion = 1C2F4B6F21F89FB100D4B9FC /* Familink.xcdatamodel */;
			path = Familink.xcdatamodeld;
			sourceTree = "<group>";
			versionGroupType = wrapper.xcdatamodel;
		};
/* End XCVersionGroup section */
	};
	rootObject = 1C2F4B5C21F89FB100D4B9FC /* Project object */;
}
